
Microsoft Visual Studio Solution File, Format Version 12.00
# Visual Studio Version 16
VisualStudioVersion = 16.0.30621.155
MinimumVisualStudioVersion = 10.0.40219.1
Project("{FAE04EC0-301F-11D3-BF4B-00C04F79EFBC}") = "Lab1", "Lab1\Lab1.csproj", "{A19C2A94-77EA-4EEC-BA64-82E6B54C94FE}"
EndProject
Global
	GlobalSection(SolutionConfigurationPlatforms) = preSolution
		Debug|Any CPU = Debug|Any CPU
		Release|Any CPU = Release|Any CPU
	EndGlobalSection
	GlobalSection(ProjectConfigurationPlatforms) = postSolution
		{A19C2A94-77EA-4EEC-BA64-82E6B54C94FE}.Debug|Any CPU.ActiveCfg = Debug|Any CPU
		{A19C2A94-77EA-4EEC-BA64-82E6B54C94FE}.Debug|Any CPU.Build.0 = Debug|Any CPU
		{A19C2A94-77EA-4EEC-BA64-82E6B54C94FE}.Release|Any CPU.ActiveCfg = Release|Any CPU
		{A19C2A94-77EA-4EEC-BA64-82E6B54C94FE}.Release|Any CPU.Build.0 = Release|Any CPU
	EndGlobalSection
	GlobalSection(SolutionProperties) = preSolution
		HideSolutionNode = FALSE
	EndGlobalSection
	GlobalSection(ExtensibilityGlobals) = postSolution
		SolutionGuid = {D0F0E46A-1949-4412-9972-3AE7D0BF8BE8}
	EndGlobalSection
EndGlobal
